// !$*UTF8*$!
{
	archiveVersion = 1;
	classes = {
	};
	objectVersion = 50;
	objects = {

/* Begin PBXBuildFile section */
		2F38A85D2432311100116881 /* AppDelegate.swift in Sources */ = {isa = PBXBuildFile; fileRef = 2F38A85C2432311100116881 /* AppDelegate.swift */; };
		2F38A85F2432311100116881 /* ContentView.swift in Sources */ = {isa = PBXBuildFile; fileRef = 2F38A85E2432311100116881 /* ContentView.swift */; };
		2F38A8612432311500116881 /* Assets.xcassets in Resources */ = {isa = PBXBuildFile; fileRef = 2F38A8602432311500116881 /* Assets.xcassets */; };
		2F38A8642432311500116881 /* Preview Assets.xcassets in Resources */ = {isa = PBXBuildFile; fileRef = 2F38A8632432311500116881 /* Preview Assets.xcassets */; };
		2F38A8672432311500116881 /* Main.storyboard in Resources */ = {isa = PBXBuildFile; fileRef = 2F38A8652432311500116881 /* Main.storyboard */; };
/* End PBXBuildFile section */

/* Begin PBXFileReference section */
		2F38A8592432311100116881 /* DetectingFaceLandmarkInStillImages.app */ = {isa = PBXFileReference; explicitFileType = wrapper.application; includeInIndex = 0; path = DetectingFaceLandmarkInStillImages.app; sourceTree = BUILT_PRODUCTS_DIR; };
		2F38A85C2432311100116881 /* AppDelegate.swift */ = {isa = PBXFileReference; lastKnownFileType = sourcecode.swift; path = AppDelegate.swift; sourceTree = "<group>"; };
		2F38A85E2432311100116881 /* ContentView.swift */ = {isa = PBXFileReference; lastKnownFileType = sourcecode.swift; path = ContentView.swift; sourceTree = "<group>"; };
		2F38A8602432311500116881 /* Assets.xcassets */ = {isa = PBXFileReference; lastKnownFileType = folder.assetcatalog; path = Assets.xcassets; sourceTree = "<group>"; };
		2F38A8632432311500116881 /* Preview Assets.xcassets */ = {isa = PBXFileReference; lastKnownFileType = folder.assetcatalog; path = "Preview Assets.xcassets"; sourceTree = "<group>"; };
		2F38A8662432311500116881 /* Base */ = {isa = PBXFileReference; lastKnownFileType = file.storyboard; name = Base; path = Base.lproj/Main.storyboard; sourceTree = "<group>"; };
		2F38A8682432311500116881 /* Info.plist */ = {isa = PBXFileReference; lastKnownFileType = text.plist.xml; path = Info.plist; sourceTree = "<group>"; };
		2F38A8692432311500116881 /* DetectingFaceLandmarkInStillImages.entitlements */ = {isa = PBXFileReference; lastKnownFileType = text.plist.entitlements; path = DetectingFaceLandmarkInStillImages.entitlements; sourceTree = "<group>"; };
/* End PBXFileReference section */

/* Begin PBXFrameworksBuildPhase section */
		2F38A8562432311100116881 /* Frameworks */ = {
			isa = PBXFrameworksBuildPhase;
			buildActionMask = 2147483647;
			files = (
			);
			runOnlyForDeploymentPostprocessing = 0;
		};
/* End PBXFrameworksBuildPhase section */

/* Begin PBXGroup section */
		2F38A8502432311100116881 = {
			isa = PBXGroup;
			children = (
				2F38A85B2432311100116881 /* DetectingFaceLandmarkInStillImages */,
				2F38A85A2432311100116881 /* Products */,
			);
			sourceTree = "<group>";
		};
		2F38A85A2432311100116881 /* Products */ = {
			isa = PBXGroup;
			children = (
				2F38A8592432311100116881 /* DetectingFaceLandmarkInStillImages.app */,
			);
			name = Products;
			sourceTree = "<group>";
		};
		2F38A85B2432311100116881 /* DetectingFaceLandmarkInStillImages */ = {
			isa = PBXGroup;
			children = (
				2F38A85C2432311100116881 /* AppDelegate.swift */,
				2F38A85E2432311100116881 /* ContentView.swift */,
				2F38A8602432311500116881 /* Assets.xcassets */,
				2F38A8652432311500116881 /* Main.storyboard */,
				2F38A8682432311500116881 /* Info.plist */,
				2F38A8692432311500116881 /* DetectingFaceLandmarkInStillImages.entitlements */,
				2F38A8622432311500116881 /* Preview Content */,
			);
			path = DetectingFaceLandmarkInStillImages;
			sourceTree = "<group>";
		};
		2F38A8622432311500116881 /* Preview Content */ = {
			isa = PBXGroup;
			children = (
				2F38A8632432311500116881 /* Preview Assets.xcassets */,
			);
			path = "Preview Content";
			sourceTree = "<group>";
		};
/* End PBXGroup section */

/* Begin PBXNativeTarget section */
		2F38A8582432311100116881 /* DetectingFaceLandmarkInStillImages */ = {
			isa = PBXNativeTarget;
			buildConfigurationList = 2F38A86C2432311500116881 /* Build configuration list for PBXNativeTarget "DetectingFaceLandmarkInStillImages" */;
			buildPhases = (
				2F38A8552432311100116881 /* Sources */,
				2F38A8562432311100116881 /* Frameworks */,
				2F38A8572432311100116881 /* Resources */,
			);
			buildRules = (
			);
			dependencies = (
			);
			name = DetectingFaceLandmarkInStillImages;
			productName = DetectingFaceLandmarkInStillImages;
			productReference = 2F38A8592432311100116881 /* DetectingFaceLandmarkInStillImages.app */;
			productType = "com.apple.product-type.application";
		};
/* End PBXNativeTarget section */

/* Begin PBXProject section */
		2F38A8512432311100116881 /* Project object */ = {
			isa = PBXProject;
			attributes = {
				LastSwiftUpdateCheck = 1140;
				LastUpgradeCheck = 1140;
				ORGANIZATIONNAME = "田中 穏識";
				TargetAttributes = {
					2F38A8582432311100116881 = {
						CreatedOnToolsVersion = 11.4;
					};
				};
			};
			buildConfigurationList = 2F38A8542432311100116881 /* Build configuration list for PBXProject "DetectingFaceLandmarkInStillImages" */;
			compatibilityVersion = "Xcode 9.3";
			developmentRegion = en;
			hasScannedForEncodings = 0;
			knownRegions = (
				en,
				Base,
			);
			mainGroup = 2F38A8502432311100116881;
			productRefGroup = 2F38A85A2432311100116881 /* Products */;
			projectDirPath = "";
			projectRoot = "";
			targets = (
				2F38A8582432311100116881 /* DetectingFaceLandmarkInStillImages */,
			);
		};
/* End PBXProject section */

/* Begin PBXResourcesBuildPhase section */
		2F38A8572432311100116881 /* Resources */ = {
			isa = PBXResourcesBuildPhase;
			buildActionMask = 2147483647;
			files = (
				2F38A8672432311500116881 /* Main.storyboard in Resources */,
				2F38A8642432311500116881 /* Preview Assets.xcassets in Resources */,
				2F38A8612432311500116881 /* Assets.xcassets in Resources */,
			);
			runOnlyForDeploymentPostprocessing = 0;
		};
/* End PBXResourcesBuildPhase section */

/* Begin PBXSourcesBuildPhase section */
		2F38A8552432311100116881 /* Sources */ = {
			isa = PBXSourcesBuildPhase;
			buildActionMask = 2147483647;
			files = (
				2F38A85F2432311100116881 /* ContentView.swift in Sources */,
				2F38A85D2432311100116881 /* AppDelegate.swift in Sources */,
			);
			runOnlyForDeploymentPostprocessing = 0;
		};
/* End PBXSourcesBuildPhase section */

/* Begin PBXVariantGroup section */
		2F38A8652432311500116881 /* Main.storyboard */ = {
			isa = PBXVariantGroup;
			children = (
				2F38A8662432311500116881 /* Base */,
			);
			name = Main.storyboard;
			sourceTree = "<group>";
		};
/* End PBXVariantGroup section */

/* Begin XCBuildConfiguration section */
		2F38A86A2432311500116881 /* Debug */ = {
			isa = XCBuildConfiguration;
			buildSettings = {
				ALWAYS_SEARCH_USER_PATHS = NO;
				CLANG_ANALYZER_NONNULL = YES;
				CLANG_ANALYZER_NUMBER_OBJECT_CONVERSION = YES_AGGRESSIVE;
				CLANG_CXX_LANGUAGE_STANDARD = "gnu++14";
				CLANG_CXX_LIBRARY = "libc++";
				CLANG_ENABLE_MODULES = YES;
				CLANG_ENABLE_OBJC_ARC = YES;
				CLANG_ENABLE_OBJC_WEAK = YES;
				CLANG_WARN_BLOCK_CAPTURE_AUTORELEASING = YES;
				CLANG_WARN_BOOL_CONVERSION = YES;
				CLANG_WARN_COMMA = YES;
				CLANG_WARN_CONSTANT_CONVERSION = YES;
				CLANG_WARN_DEPRECATED_OBJC_IMPLEMENTATIONS = YES;
				CLANG_WARN_DIRECT_OBJC_ISA_USAGE = YES_ERROR;
				CLANG_WARN_DOCUMENTATION_COMMENTS = YES;
				CLANG_WARN_EMPTY_BODY = YES;
				CLANG_WARN_ENUM_CONVERSION = YES;
				CLANG_WARN_INFINITE_RECURSION = YES;
				CLANG_WARN_INT_CONVERSION = YES;
				CLANG_WARN_NON_LITERAL_NULL_CONVERSION = YES;
				CLANG_WARN_OBJC_IMPLICIT_RETAIN_SELF = YES;
				CLANG_WARN_OBJC_LITERAL_CONVERSION = YES;
				CLANG_WARN_OBJC_ROOT_CLASS = YES_ERROR;
				CLANG_WARN_RANGE_LOOP_ANALYSIS = YES;
				CLANG_WARN_STRICT_PROTOTYPES = YES;
				CLANG_WARN_SUSPICIOUS_MOVE = YES;
				CLANG_WARN_UNGUARDED_AVAILABILITY = YES_AGGRESSIVE;
				CLANG_WARN_UNREACHABLE_CODE = YES;
				CLANG_WARN__DUPLICATE_METHOD_MATCH = YES;
				COPY_PHASE_STRIP = NO;
				DEBUG_INFORMATION_FORMAT = dwarf;
				ENABLE_STRICT_OBJC_MSGSEND = YES;
				ENABLE_TESTABILITY = YES;
				GCC_C_LANGUAGE_STANDARD = gnu11;
				GCC_DYNAMIC_NO_PIC = NO;
				GCC_NO_COMMON_BLOCKS = YES;
				GCC_OPTIMIZATION_LEVEL = 0;
				GCC_PREPROCESSOR_DEFINITIONS = (
					"DEBUG=1",
					"$(inherited)",
				);
				GCC_WARN_64_TO_32_BIT_CONVERSION = YES;
				GCC_WARN_ABOUT_RETURN_TYPE = YES_ERROR;
				GCC_WARN_UNDECLARED_SELECTOR = YES;
				GCC_WARN_UNINITIALIZED_AUTOS = YES_AGGRESSIVE;
				GCC_WARN_UNUSED_FUNCTION = YES;
				GCC_WARN_UNUSED_VARIABLE = YES;
				MACOSX_DEPLOYMENT_TARGET = 10.15;
				MTL_ENABLE_DEBUG_INFO = INCLUDE_SOURCE;
				MTL_FAST_MATH = YES;
				ONLY_ACTIVE_ARCH = YES;
				SDKROOT = macosx;
				SWIFT_ACTIVE_COMPILATION_CONDITIONS = DEBUG;
				SWIFT_OPTIMIZATION_LEVEL = "-Onone";
			};
			name = Debug;
		};
		2F38A86B2432311500116881 /* Release */ = {
			isa = XCBuildConfiguration;
			buildSettings = {
				ALWAYS_SEARCH_USER_PATHS = NO;
				CLANG_ANALYZER_NONNULL = YES;
				CLANG_ANALYZER_NUMBER_OBJECT_CONVERSION = YES_AGGRESSIVE;
				CLANG_CXX_LANGUAGE_STANDARD = "gnu++14";
				CLANG_CXX_LIBRARY = "libc++";
				CLANG_ENABLE_MODULES = YES;
				CLANG_ENABLE_OBJC_ARC = YES;
				CLANG_ENABLE_OBJC_WEAK = YES;
				CLANG_WARN_BLOCK_CAPTURE_AUTORELEASING = YES;
				CLANG_WARN_BOOL_CONVERSION = YES;
				CLANG_WARN_COMMA = YES;
				CLANG_WARN_CONSTANT_CONVERSION = YES;
				CLANG_WARN_DEPRECATED_OBJC_IMPLEMENTATIONS = YES;
				CLANG_WARN_DIRECT_OBJC_ISA_USAGE = YES_ERROR;
				CLANG_WARN_DOCUMENTATION_COMMENTS = YES;
				CLANG_WARN_EMPTY_BODY = YES;
				CLANG_WARN_ENUM_CONVERSION = YES;
				CLANG_WARN_INFINITE_RECURSION = YES;
				CLANG_WARN_INT_CONVERSION = YES;
				CLANG_WARN_NON_LITERAL_NULL_CONVERSION = YES;
				CLANG_WARN_OBJC_IMPLICIT_RETAIN_SELF = YES;
				CLANG_WARN_OBJC_LITERAL_CONVERSION = YES;
				CLANG_WARN_OBJC_ROOT_CLASS = YES_ERROR;
				CLANG_WARN_RANGE_LOOP_ANALYSIS = YES;
				CLANG_WARN_STRICT_PROTOTYPES = YES;
				CLANG_WARN_SUSPICIOUS_MOVE = YES;
				CLANG_WARN_UNGUARDED_AVAILABILITY = YES_AGGRESSIVE;
				CLANG_WARN_UNREACHABLE_CODE = YES;
				CLANG_WARN__DUPLICATE_METHOD_MATCH = YES;
				COPY_PHASE_STRIP = NO;
				DEBUG_INFORMATION_FORMAT = "dwarf-with-dsym";
				ENABLE_NS_ASSERTIONS = NO;
				ENABLE_STRICT_OBJC_MSGSEND = YES;
				GCC_C_LANGUAGE_STANDARD = gnu11;
				GCC_NO_COMMON_BLOCKS = YES;
				GCC_WARN_64_TO_32_BIT_CONVERSION = YES;
				GCC_WARN_ABOUT_RETURN_TYPE = YES_ERROR;
				GCC_WARN_UNDECLARED_SELECTOR = YES;
				GCC_WARN_UNINITIALIZED_AUTOS = YES_AGGRESSIVE;
				GCC_WARN_UNUSED_FUNCTION = YES;
				GCC_WARN_UNUSED_VARIABLE = YES;
				MACOSX_DEPLOYMENT_TARGET = 10.15;
				MTL_ENABLE_DEBUG_INFO = NO;
				MTL_FAST_MATH = YES;
				SDKROOT = macosx;
				SWIFT_COMPILATION_MODE = wholemodule;
				SWIFT_OPTIMIZATION_LEVEL = "-O";
			};
			name = Release;
		};
		2F38A86D2432311500116881 /* Debug */ = {
			isa = XCBuildConfiguration;
			buildSettings = {
				ASSETCATALOG_COMPILER_APPICON_NAME = AppIcon;
				CODE_SIGN_ENTITLEMENTS = DetectingFaceLandmarkInStillImages/DetectingFaceLandmarkInStillImages.entitlements;
				CODE_SIGN_STYLE = Automatic;
				COMBINE_HIDPI_IMAGES = YES;
				DEVELOPMENT_ASSET_PATHS = "\"DetectingFaceLandmarkInStillImages/Preview Content\"";
				DEVELOPMENT_TEAM = X32QM25JN5;
				ENABLE_HARDENED_RUNTIME = YES;
				ENABLE_PREVIEWS = YES;
				INFOPLIST_FILE = DetectingFaceLandmarkInStillImages/Info.plist;
				LD_RUNPATH_SEARCH_PATHS = (
					"$(inherited)",
					"@executable_path/../Frameworks",
				);
				MACOSX_DEPLOYMENT_TARGET = 10.15;
				PRODUCT_BUNDLE_IDENTIFIER = com.yasunoritanaka.DetectingFaceLandmarkInStillImages;
				PRODUCT_NAME = "$(TARGET_NAME)";
				SWIFT_VERSION = 5.0;
			};
			name = Debug;
		};
		2F38A86E2432311500116881 /* Release */ = {
			isa = XCBuildConfiguration;
			buildSettings = {
				ASSETCATALOG_COMPILER_APPICON_NAME = AppIcon;
				CODE_SIGN_ENTITLEMENTS = DetectingFaceLandmarkInStillImages/DetectingFaceLandmarkInStillImages.entitlements;
				CODE_SIGN_STYLE = Automatic;
				COMBINE_HIDPI_IMAGES = YES;
				DEVELOPMENT_ASSET_PATHS = "\"DetectingFaceLandmarkInStillImages/Preview Content\"";
				DEVELOPMENT_TEAM = X32QM25JN5;
				ENABLE_HARDENED_RUNTIME = YES;
				ENABLE_PREVIEWS = YES;
				INFOPLIST_FILE = DetectingFaceLandmarkInStillImages/Info.plist;
				LD_RUNPATH_SEARCH_PATHS = (
					"$(inherited)",
					"@executable_path/../Frameworks",
				);
				MACOSX_DEPLOYMENT_TARGET = 10.15;
				PRODUCT_BUNDLE_IDENTIFIER = com.yasunoritanaka.DetectingFaceLandmarkInStillImages;
				PRODUCT_NAME = "$(TARGET_NAME)";
				SWIFT_VERSION = 5.0;
			};
			name = Release;
		};
/* End XCBuildConfiguration section */

/* Begin XCConfigurationList section */
		2F38A8542432311100116881 /* Build configuration list for PBXProject "DetectingFaceLandmarkInStillImages" */ = {
			isa = XCConfigurationList;
			buildConfigurations = (
				2F38A86A2432311500116881 /* Debug */,
				2F38A86B2432311500116881 /* Release */,
			);
			defaultConfigurationIsVisible = 0;
			defaultConfigurationName = Release;
		};
		2F38A86C2432311500116881 /* Build configuration list for PBXNativeTarget "DetectingFaceLandmarkInStillImages" */ = {
			isa = XCConfigurationList;
			buildConfigurations = (
				2F38A86D2432311500116881 /* Debug */,
				2F38A86E2432311500116881 /* Release */,
			);
			defaultConfigurationIsVisible = 0;
			defaultConfigurationName = Release;
		};
/* End XCConfigurationList section */
	};
	rootObject = 2F38A8512432311100116881 /* Project object */;
}
